
Microsoft Visual Studio Solution File, Format Version 12.00
# Visual Studio Version 16
VisualStudioVersion = 16.0.32413.511
MinimumVisualStudioVersion = 10.0.40219.1
Project("{FAE04EC0-301F-11D3-BF4B-00C04F79EFBC}") = "SuperAdventure", "SuperAdventure\SuperAdventure\SuperAdventure.csproj", "{24BECEE8-17B5-4046-9241-42FB5DE8FA1E}"
EndProject
Project("{FAE04EC0-301F-11D3-BF4B-00C04F79EFBC}") = "Engine", "SuperAdventure\Engine\Engine.csproj", "{96FE5816-B207-422F-BBFA-1B902E7EE4B6}"
EndProject
Global
	GlobalSection(SolutionConfigurationPlatforms) = preSolution
		Debug|Any CPU = Debug|Any CPU
		Release|Any CPU = Release|Any CPU
	EndGlobalSection
	GlobalSection(ProjectConfigurationPlatforms) = postSolution
		{24BECEE8-17B5-4046-9241-42FB5DE8FA1E}.Debug|Any CPU.ActiveCfg = Debug|Any CPU
		{24BECEE8-17B5-4046-9241-42FB5DE8FA1E}.Debug|Any CPU.Build.0 = Debug|Any CPU
		{24BECEE8-17B5-4046-9241-42FB5DE8FA1E}.Release|Any CPU.ActiveCfg = Release|Any CPU
		{24BECEE8-17B5-4046-9241-42FB5DE8FA1E}.Release|Any CPU.Build.0 = Release|Any CPU
		{96FE5816-B207-422F-BBFA-1B902E7EE4B6}.Debug|Any CPU.ActiveCfg = Debug|Any CPU
		{96FE5816-B207-422F-BBFA-1B902E7EE4B6}.Debug|Any CPU.Build.0 = Debug|Any CPU
		{96FE5816-B207-422F-BBFA-1B902E7EE4B6}.Release|Any CPU.ActiveCfg = Release|Any CPU
		{96FE5816-B207-422F-BBFA-1B902E7EE4B6}.Release|Any CPU.Build.0 = Release|Any CPU
	EndGlobalSection
	GlobalSection(SolutionProperties) = preSolution
		HideSolutionNode = FALSE
	EndGlobalSection
	GlobalSection(ExtensibilityGlobals) = postSolution
		SolutionGuid = {29FE7299-E847-4F38-B1EE-F692DC33B149}
	EndGlobalSection
EndGlobal
